
Microsoft Visual Studio Solution File, Format Version 12.00
# Visual Studio Version 16
VisualStudioVersion = 16.0.30225.117
MinimumVisualStudioVersion = 10.0.40219.1
Project("{FAE04EC0-301F-11D3-BF4B-00C04F79EFBC}") = "HelloApp", "HelloApp\HelloApp.csproj", "{DB288E21-C43B-4DD9-832E-263C6316B53A}"
EndProject
Project("{FAE04EC0-301F-11D3-BF4B-00C04F79EFBC}") = "IntegralType", "IntegralType\IntegralType.csproj", "{E998378F-5917-4C12-8DB9-BEDF0906F6BB}"
EndProject
Project("{FAE04EC0-301F-11D3-BF4B-00C04F79EFBC}") = "BoxingUnboxing", "BoxingUnboxing\BoxingUnboxing.csproj", "{C36BE0B8-67CD-43CB-B0C5-963565BBFA58}"
EndProject
Project("{FAE04EC0-301F-11D3-BF4B-00C04F79EFBC}") = "IntegralConversion", "IntegralConversion\IntegralConversion.csproj", "{FC909C5C-8944-47D1-8B7B-2B5A1D17635A}"
EndProject
Project("{2150E333-8FDC-42A3-9474-1A3956D46DE8}") = "Chapter03", "Chapter03", "{4457B943-2350-4E0C-ABAF-070AED877B13}"
EndProject
Project("{2150E333-8FDC-42A3-9474-1A3956D46DE8}") = "Chapter02", "Chapter02", "{36C7BCA1-0374-4CED-8046-1DD09AA83781}"
EndProject
Project("{9A19103F-16F7-4668-BE54-9A1E7A4F7556}") = "StringNumberConversion", "StringNumberConversion\StringNumberConversion.csproj", "{C9AD40C2-1DCF-4E12-B7BB-8C0587D66DCC}"
EndProject
Project("{FAE04EC0-301F-11D3-BF4B-00C04F79EFBC}") = "EnumApp", "EnumApp\EnumApp.csproj", "{5FB2A5AD-A1E9-43DE-A112-4362F6BC71ED}"
EndProject
Project("{FAE04EC0-301F-11D3-BF4B-00C04F79EFBC}") = "NullableApp", "NullableApp\NullableApp.csproj", "{FEF52CA6-CA87-48ED-839D-AC960FFF8B01}"
EndProject
Project("{2150E333-8FDC-42A3-9474-1A3956D46DE8}") = "Appendix A", "Appendix A", "{B810EF75-29F8-4A0B-97C9-54896F3CC41B}"
EndProject
Project("{FAE04EC0-301F-11D3-BF4B-00C04F79EFBC}") = "StringSearchApp", "StringSearchApp\StringSearchApp.csproj", "{345B49DC-96A1-4BE0-BE83-F122C4B6CE2C}"
EndProject
Project("{2150E333-8FDC-42A3-9474-1A3956D46DE8}") = "Chapter05", "Chapter05", "{DF06B5A9-F805-41B3-ABCD-E607D0A9B2CE}"
EndProject
Project("{FAE04EC0-301F-11D3-BF4B-00C04F79EFBC}") = "IfElse", "IfElse\IfElse.csproj", "{5787E774-C5F3-4353-AB9E-48B628152AB1}"
EndProject
Project("{FAE04EC0-301F-11D3-BF4B-00C04F79EFBC}") = "SwitchCaseApp", "SwitchCaseApp\SwitchCaseApp.csproj", "{BA558FD6-B5C8-41D5-B128-70889E044C9F}"
EndProject
Project("{FAE04EC0-301F-11D3-BF4B-00C04F79EFBC}") = "whileApp", "whileApp\whileApp.csproj", "{20D3BE7D-8A4F-4439-8DF9-5145D46BEEA2}"
EndProject
Project("{2150E333-8FDC-42A3-9474-1A3956D46DE8}") = "Chapter06", "Chapter06", "{7F29771A-51F9-4648-B355-2AAA5998002E}"
EndProject
Project("{FAE04EC0-301F-11D3-BF4B-00C04F79EFBC}") = "RefReturn", "RefReturn\RefReturn.csproj", "{AC801877-C158-4DA6-B37E-43AD40CE8ACA}"
EndProject
Project("{FAE04EC0-301F-11D3-BF4B-00C04F79EFBC}") = "UsingOut", "UsingOut\UsingOut.csproj", "{AC943A4A-9544-49F6-9AD9-7C9BDBA4C7FB}"
EndProject
Project("{FAE04EC0-301F-11D3-BF4B-00C04F79EFBC}") = "Overloading", "Overloading\Overloading.csproj", "{67D7CAC3-ECD7-42B8-A025-9FD4CF772805}"
EndProject
Project("{FAE04EC0-301F-11D3-BF4B-00C04F79EFBC}") = "LocalFunction", "LocalFunction\LocalFunction.csproj", "{039BA7D8-2047-4065-8240-502481BAB779}"
EndProject
Project("{FAE04EC0-301F-11D3-BF4B-00C04F79EFBC}") = "Ex6_01", "EXAM01\Ex6_01.csproj", "{B009C4EB-B65C-4204-9CAE-E8FA7D563F12}"
EndProject
Project("{FAE04EC0-301F-11D3-BF4B-00C04F79EFBC}") = "Ex6_02", "EXAM02\Ex6_02.csproj", "{AC2791AE-022D-470D-8090-53139D8FFE4B}"
EndProject
Project("{FAE04EC0-301F-11D3-BF4B-00C04F79EFBC}") = "Ex06_03", "Ex06_03\Ex06_03.csproj", "{F5E69318-A5FA-4727-9EF0-3B3B13CD8461}"
EndProject
Project("{2150E333-8FDC-42A3-9474-1A3956D46DE8}") = "Chapter07", "Chapter07", "{A5652D21-C4FD-4140-BDFA-FF96B6A7C43F}"
EndProject
Project("{FAE04EC0-301F-11D3-BF4B-00C04F79EFBC}") = "BasicClass", "BasicClass\BasicClass.csproj", "{9446A5A6-C994-4F0A-AFEA-428A7EBDBFD0}"
EndProject
Project("{FAE04EC0-301F-11D3-BF4B-00C04F79EFBC}") = "StaticField", "StaticField\StaticField.csproj", "{9FA65A25-5F89-456B-AF5D-0E546BD25071}"
EndProject
Project("{FAE04EC0-301F-11D3-BF4B-00C04F79EFBC}") = "DeepCopy", "DeepCopy\DeepCopy.csproj", "{088C760E-899A-454C-9DE0-406E6776CBD4}"
EndProject
Project("{FAE04EC0-301F-11D3-BF4B-00C04F79EFBC}") = "AccessModifier", "AccessModifier\AccessModifier.csproj", "{761B5C1A-5F9B-432A-A779-3019F4D655C6}"
EndProject
Project("{FAE04EC0-301F-11D3-BF4B-00C04F79EFBC}") = "Inheritance", "Inheritance\Inheritance.csproj", "{288AD2BB-55B6-48BA-BE36-56C7BA4E9348}"
EndProject
Project("{FAE04EC0-301F-11D3-BF4B-00C04F79EFBC}") = "TypeCasting", "TypeCasting\TypeCasting.csproj", "{2488CB8F-2AE9-45E6-8411-F728ECE6CD98}"
EndProject
Project("{FAE04EC0-301F-11D3-BF4B-00C04F79EFBC}") = "Overriding", "Overriding\Overriding.csproj", "{D0AC0CD4-5C93-46BE-9B72-9B38673821F4}"
EndProject
Project("{FAE04EC0-301F-11D3-BF4B-00C04F79EFBC}") = "NestedClass", "NestedClass\NestedClass.csproj", "{ABBB0478-0636-4429-89B3-C173CFE237FB}"
EndProject
Project("{FAE04EC0-301F-11D3-BF4B-00C04F79EFBC}") = "ExtensionMethod", "ExtensionMethod\ExtensionMethod.csproj", "{A12FFDCC-8167-4B21-8216-4E2AA2FEDBC2}"
EndProject
Project("{FAE04EC0-301F-11D3-BF4B-00C04F79EFBC}") = "Structure", "Structure\Structure.csproj", "{80EC6BDC-9DD5-4CC4-8362-BC8EA418D298}"
EndProject
Project("{FAE04EC0-301F-11D3-BF4B-00C04F79EFBC}") = "Tuple", "Tuple\Tuple.csproj", "{68F272D7-1C09-4277-BE49-44F1E05686D9}"
EndProject
Project("{FAE04EC0-301F-11D3-BF4B-00C04F79EFBC}") = "Ex07_02", "Ex07_02\Ex07_02.csproj", "{E497DB06-4B37-4A9F-973C-DFC4629B78A5}"
EndProject
Project("{2150E333-8FDC-42A3-9474-1A3956D46DE8}") = "Chapter08", "Chapter08", "{E7D8AD27-B49B-4FBB-9FC9-6FEAB4294449}"
EndProject
Project("{FAE04EC0-301F-11D3-BF4B-00C04F79EFBC}") = "Interface", "Interface\Interface.csproj", "{D0CB9C04-33AB-49D7-9BAE-41EA601260DB}"
EndProject
Project("{FAE04EC0-301F-11D3-BF4B-00C04F79EFBC}") = "MultiInterfaceInf", "MultiInterfaceInf\MultiInterfaceInf.csproj", "{6069B51F-77E9-4F24-9EC9-5AE71E863030}"
EndProject
Project("{FAE04EC0-301F-11D3-BF4B-00C04F79EFBC}") = "P.301AbstractClass", "AbstractClass\P.301AbstractClass.csproj", "{F5A98860-3C96-40B9-ABEE-B4011ACF1298}"
EndProject
Project("{2150E333-8FDC-42A3-9474-1A3956D46DE8}") = "Chapter09", "Chapter09", "{B5E658F5-B274-408C-AE2B-3446761DABF2}"
EndProject
Project("{FAE04EC0-301F-11D3-BF4B-00C04F79EFBC}") = "Property", "Property\Property.csproj", "{5C30BDFB-1DAE-4262-BF8E-B4ADFC7B5670}"
EndProject
Project("{FAE04EC0-301F-11D3-BF4B-00C04F79EFBC}") = "Property Ineterpace", "Property Ineterpace\Property Ineterpace.csproj", "{DF60DED4-C0CF-4F4F-B154-4695F2ACB8B2}"
EndProject
Project("{2150E333-8FDC-42A3-9474-1A3956D46DE8}") = "Chapter10", "Chapter10", "{9C436021-AAF6-40F4-B095-31AEF932921E}"
EndProject
Project("{FAE04EC0-301F-11D3-BF4B-00C04F79EFBC}") = "P333_ArraySample", "P333_ArraySample\P333_ArraySample.csproj", "{5D94530F-AF9A-4588-A3FE-715FAA3F2924}"
EndProject
Project("{FAE04EC0-301F-11D3-BF4B-00C04F79EFBC}") = "P335_InitializingArray", "InitializingArray\P335_InitializingArray.csproj", "{A05114BA-4738-413F-918B-B2B1AA1F9C56}"
EndProject
Project("{FAE04EC0-301F-11D3-BF4B-00C04F79EFBC}") = "P219_ClassStudy", "P219_ClassStudy\P219_ClassStudy.csproj", "{4A422085-5A26-4B08-9AA6-F1DC5C52C3F3}"
EndProject
Project("{FAE04EC0-301F-11D3-BF4B-00C04F79EFBC}") = "ThisConstructor", "ThisConstructor\ThisConstructor.csproj", "{74944E86-A095-413A-B647-904D8816738F}"
EndProject
Project("{FAE04EC0-301F-11D3-BF4B-00C04F79EFBC}") = "P244_ClassStudy", "P244_ClassStudy\P244_ClassStudy.csproj", "{80AF6953-8F01-4412-91F5-8A1544705FB4}"
EndProject
Project("{2150E333-8FDC-42A3-9474-1A3956D46DE8}") = "Chapter11", "Chapter11", "{B8343368-95B7-4102-977A-712E8C1FF872}"
EndProject
Project("{FAE04EC0-301F-11D3-BF4B-00C04F79EFBC}") = "P291_InterfaceStudy", "P291_InterfaceStudy\P291_InterfaceStudy.csproj", "{E670442F-0D11-43D2-92AC-2FE6A6FAD25C}"
EndProject
Project("{FAE04EC0-301F-11D3-BF4B-00C04F79EFBC}") = "P310_PropertyStudy", "P310_PropertyStudy\P310_PropertyStudy.csproj", "{5CAF0385-89D9-49C8-90E8-4712A2461EFA}"
EndProject
Project("{FAE04EC0-301F-11D3-BF4B-00C04F79EFBC}") = "P314_PropertyStudy", "P314_PropertyStudy\P314_PropertyStudy.csproj", "{BFCBD121-2A67-41F4-BAE4-3A5ABACCA5F7}"
EndProject
Project("{FAE04EC0-301F-11D3-BF4B-00C04F79EFBC}") = "P319_PropertyStudy", "P319_PropertyStudy\P319_PropertyStudy.csproj", "{2C496D8B-DE1D-40B1-BE84-6213508B59DD}"
EndProject
Project("{FAE04EC0-301F-11D3-BF4B-00C04F79EFBC}") = "Ex09_01", "Ex09_01\Ex09_01.csproj", "{BA811CC3-1E1D-4903-902D-B10968E6C843}"
EndProject
Project("{FAE04EC0-301F-11D3-BF4B-00C04F79EFBC}") = "Ex09_02", "Ex09_02\Ex09_02.csproj", "{8DFAC7B3-E8E7-4894-8BAB-FEF7021188DF}"
EndProject
Project("{2150E333-8FDC-42A3-9474-1A3956D46DE8}") = "Chapter13", "Chapter13", "{588C1687-0394-4D7F-A38E-484D9091D134}"
EndProject
Project("{FAE04EC0-301F-11D3-BF4B-00C04F79EFBC}") = "P338_ArrayStudy", "P338_ArrayStudy\P338_ArrayStudy.csproj", "{6DF468E8-6C4F-4239-A760-35DE1572725A}"
EndProject
Global
	GlobalSection(SolutionConfigurationPlatforms) = preSolution
		Debug|Any CPU = Debug|Any CPU
		Release|Any CPU = Release|Any CPU
	EndGlobalSection
	GlobalSection(ProjectConfigurationPlatforms) = postSolution
		{DB288E21-C43B-4DD9-832E-263C6316B53A}.Debug|Any CPU.ActiveCfg = Debug|Any CPU
		{DB288E21-C43B-4DD9-832E-263C6316B53A}.Debug|Any CPU.Build.0 = Debug|Any CPU
		{DB288E21-C43B-4DD9-832E-263C6316B53A}.Release|Any CPU.ActiveCfg = Release|Any CPU
		{DB288E21-C43B-4DD9-832E-263C6316B53A}.Release|Any CPU.Build.0 = Release|Any CPU
		{E998378F-5917-4C12-8DB9-BEDF0906F6BB}.Debug|Any CPU.ActiveCfg = Debug|Any CPU
		{E998378F-5917-4C12-8DB9-BEDF0906F6BB}.Debug|Any CPU.Build.0 = Debug|Any CPU
		{E998378F-5917-4C12-8DB9-BEDF0906F6BB}.Release|Any CPU.ActiveCfg = Release|Any CPU
		{E998378F-5917-4C12-8DB9-BEDF0906F6BB}.Release|Any CPU.Build.0 = Release|Any CPU
		{C36BE0B8-67CD-43CB-B0C5-963565BBFA58}.Debug|Any CPU.ActiveCfg = Debug|Any CPU
		{C36BE0B8-67CD-43CB-B0C5-963565BBFA58}.Debug|Any CPU.Build.0 = Debug|Any CPU
		{C36BE0B8-67CD-43CB-B0C5-963565BBFA58}.Release|Any CPU.ActiveCfg = Release|Any CPU
		{C36BE0B8-67CD-43CB-B0C5-963565BBFA58}.Release|Any CPU.Build.0 = Release|Any CPU
		{FC909C5C-8944-47D1-8B7B-2B5A1D17635A}.Debug|Any CPU.ActiveCfg = Debug|Any CPU
		{FC909C5C-8944-47D1-8B7B-2B5A1D17635A}.Debug|Any CPU.Build.0 = Debug|Any CPU
		{FC909C5C-8944-47D1-8B7B-2B5A1D17635A}.Release|Any CPU.ActiveCfg = Release|Any CPU
		{FC909C5C-8944-47D1-8B7B-2B5A1D17635A}.Release|Any CPU.Build.0 = Release|Any CPU
		{C9AD40C2-1DCF-4E12-B7BB-8C0587D66DCC}.Debug|Any CPU.ActiveCfg = Debug|Any CPU
		{C9AD40C2-1DCF-4E12-B7BB-8C0587D66DCC}.Debug|Any CPU.Build.0 = Debug|Any CPU
		{C9AD40C2-1DCF-4E12-B7BB-8C0587D66DCC}.Release|Any CPU.ActiveCfg = Release|Any CPU
		{C9AD40C2-1DCF-4E12-B7BB-8C0587D66DCC}.Release|Any CPU.Build.0 = Release|Any CPU
		{5FB2A5AD-A1E9-43DE-A112-4362F6BC71ED}.Debug|Any CPU.ActiveCfg = Debug|Any CPU
		{5FB2A5AD-A1E9-43DE-A112-4362F6BC71ED}.Debug|Any CPU.Build.0 = Debug|Any CPU
		{5FB2A5AD-A1E9-43DE-A112-4362F6BC71ED}.Release|Any CPU.ActiveCfg = Release|Any CPU
		{5FB2A5AD-A1E9-43DE-A112-4362F6BC71ED}.Release|Any CPU.Build.0 = Release|Any CPU
		{FEF52CA6-CA87-48ED-839D-AC960FFF8B01}.Debug|Any CPU.ActiveCfg = Debug|Any CPU
		{FEF52CA6-CA87-48ED-839D-AC960FFF8B01}.Debug|Any CPU.Build.0 = Debug|Any CPU
		{FEF52CA6-CA87-48ED-839D-AC960FFF8B01}.Release|Any CPU.ActiveCfg = Release|Any CPU
		{FEF52CA6-CA87-48ED-839D-AC960FFF8B01}.Release|Any CPU.Build.0 = Release|Any CPU
		{345B49DC-96A1-4BE0-BE83-F122C4B6CE2C}.Debug|Any CPU.ActiveCfg = Debug|Any CPU
		{345B49DC-96A1-4BE0-BE83-F122C4B6CE2C}.Debug|Any CPU.Build.0 = Debug|Any CPU
		{345B49DC-96A1-4BE0-BE83-F122C4B6CE2C}.Release|Any CPU.ActiveCfg = Release|Any CPU
		{345B49DC-96A1-4BE0-BE83-F122C4B6CE2C}.Release|Any CPU.Build.0 = Release|Any CPU
		{5787E774-C5F3-4353-AB9E-48B628152AB1}.Debug|Any CPU.ActiveCfg = Debug|Any CPU
		{5787E774-C5F3-4353-AB9E-48B628152AB1}.Debug|Any CPU.Build.0 = Debug|Any CPU
		{5787E774-C5F3-4353-AB9E-48B628152AB1}.Release|Any CPU.ActiveCfg = Release|Any CPU
		{5787E774-C5F3-4353-AB9E-48B628152AB1}.Release|Any CPU.Build.0 = Release|Any CPU
		{BA558FD6-B5C8-41D5-B128-70889E044C9F}.Debug|Any CPU.ActiveCfg = Debug|Any CPU
		{BA558FD6-B5C8-41D5-B128-70889E044C9F}.Debug|Any CPU.Build.0 = Debug|Any CPU
		{BA558FD6-B5C8-41D5-B128-70889E044C9F}.Release|Any CPU.ActiveCfg = Release|Any CPU
		{BA558FD6-B5C8-41D5-B128-70889E044C9F}.Release|Any CPU.Build.0 = Release|Any CPU
		{20D3BE7D-8A4F-4439-8DF9-5145D46BEEA2}.Debug|Any CPU.ActiveCfg = Debug|Any CPU
		{20D3BE7D-8A4F-4439-8DF9-5145D46BEEA2}.Debug|Any CPU.Build.0 = Debug|Any CPU
		{20D3BE7D-8A4F-4439-8DF9-5145D46BEEA2}.Release|Any CPU.ActiveCfg = Release|Any CPU
		{20D3BE7D-8A4F-4439-8DF9-5145D46BEEA2}.Release|Any CPU.Build.0 = Release|Any CPU
		{AC801877-C158-4DA6-B37E-43AD40CE8ACA}.Debug|Any CPU.ActiveCfg = Debug|Any CPU
		{AC801877-C158-4DA6-B37E-43AD40CE8ACA}.Debug|Any CPU.Build.0 = Debug|Any CPU
		{AC801877-C158-4DA6-B37E-43AD40CE8ACA}.Release|Any CPU.ActiveCfg = Release|Any CPU
		{AC801877-C158-4DA6-B37E-43AD40CE8ACA}.Release|Any CPU.Build.0 = Release|Any CPU
		{AC943A4A-9544-49F6-9AD9-7C9BDBA4C7FB}.Debug|Any CPU.ActiveCfg = Debug|Any CPU
		{AC943A4A-9544-49F6-9AD9-7C9BDBA4C7FB}.Debug|Any CPU.Build.0 = Debug|Any CPU
		{AC943A4A-9544-49F6-9AD9-7C9BDBA4C7FB}.Release|Any CPU.ActiveCfg = Release|Any CPU
		{AC943A4A-9544-49F6-9AD9-7C9BDBA4C7FB}.Release|Any CPU.Build.0 = Release|Any CPU
		{67D7CAC3-ECD7-42B8-A025-9FD4CF772805}.Debug|Any CPU.ActiveCfg = Debug|Any CPU
		{67D7CAC3-ECD7-42B8-A025-9FD4CF772805}.Debug|Any CPU.Build.0 = Debug|Any CPU
		{67D7CAC3-ECD7-42B8-A025-9FD4CF772805}.Release|Any CPU.ActiveCfg = Release|Any CPU
		{67D7CAC3-ECD7-42B8-A025-9FD4CF772805}.Release|Any CPU.Build.0 = Release|Any CPU
		{039BA7D8-2047-4065-8240-502481BAB779}.Debug|Any CPU.ActiveCfg = Debug|Any CPU
		{039BA7D8-2047-4065-8240-502481BAB779}.Debug|Any CPU.Build.0 = Debug|Any CPU
		{039BA7D8-2047-4065-8240-502481BAB779}.Release|Any CPU.ActiveCfg = Release|Any CPU
		{039BA7D8-2047-4065-8240-502481BAB779}.Release|Any CPU.Build.0 = Release|Any CPU
		{B009C4EB-B65C-4204-9CAE-E8FA7D563F12}.Debug|Any CPU.ActiveCfg = Debug|Any CPU
		{B009C4EB-B65C-4204-9CAE-E8FA7D563F12}.Debug|Any CPU.Build.0 = Debug|Any CPU
		{B009C4EB-B65C-4204-9CAE-E8FA7D563F12}.Release|Any CPU.ActiveCfg = Release|Any CPU
		{B009C4EB-B65C-4204-9CAE-E8FA7D563F12}.Release|Any CPU.Build.0 = Release|Any CPU
		{AC2791AE-022D-470D-8090-53139D8FFE4B}.Debug|Any CPU.ActiveCfg = Debug|Any CPU
		{AC2791AE-022D-470D-8090-53139D8FFE4B}.Debug|Any CPU.Build.0 = Debug|Any CPU
		{AC2791AE-022D-470D-8090-53139D8FFE4B}.Release|Any CPU.ActiveCfg = Release|Any CPU
		{AC2791AE-022D-470D-8090-53139D8FFE4B}.Release|Any CPU.Build.0 = Release|Any CPU
		{F5E69318-A5FA-4727-9EF0-3B3B13CD8461}.Debug|Any CPU.ActiveCfg = Debug|Any CPU
		{F5E69318-A5FA-4727-9EF0-3B3B13CD8461}.Debug|Any CPU.Build.0 = Debug|Any CPU
		{F5E69318-A5FA-4727-9EF0-3B3B13CD8461}.Release|Any CPU.ActiveCfg = Release|Any CPU
		{F5E69318-A5FA-4727-9EF0-3B3B13CD8461}.Release|Any CPU.Build.0 = Release|Any CPU
		{9446A5A6-C994-4F0A-AFEA-428A7EBDBFD0}.Debug|Any CPU.ActiveCfg = Debug|Any CPU
		{9446A5A6-C994-4F0A-AFEA-428A7EBDBFD0}.Debug|Any CPU.Build.0 = Debug|Any CPU
		{9446A5A6-C994-4F0A-AFEA-428A7EBDBFD0}.Release|Any CPU.ActiveCfg = Release|Any CPU
		{9446A5A6-C994-4F0A-AFEA-428A7EBDBFD0}.Release|Any CPU.Build.0 = Release|Any CPU
		{9FA65A25-5F89-456B-AF5D-0E546BD25071}.Debug|Any CPU.ActiveCfg = Debug|Any CPU
		{9FA65A25-5F89-456B-AF5D-0E546BD25071}.Debug|Any CPU.Build.0 = Debug|Any CPU
		{9FA65A25-5F89-456B-AF5D-0E546BD25071}.Release|Any CPU.ActiveCfg = Release|Any CPU
		{9FA65A25-5F89-456B-AF5D-0E546BD25071}.Release|Any CPU.Build.0 = Release|Any CPU
		{088C760E-899A-454C-9DE0-406E6776CBD4}.Debug|Any CPU.ActiveCfg = Debug|Any CPU
		{088C760E-899A-454C-9DE0-406E6776CBD4}.Debug|Any CPU.Build.0 = Debug|Any CPU
		{088C760E-899A-454C-9DE0-406E6776CBD4}.Release|Any CPU.ActiveCfg = Release|Any CPU
		{088C760E-899A-454C-9DE0-406E6776CBD4}.Release|Any CPU.Build.0 = Release|Any CPU
		{761B5C1A-5F9B-432A-A779-3019F4D655C6}.Debug|Any CPU.ActiveCfg = Debug|Any CPU
		{761B5C1A-5F9B-432A-A779-3019F4D655C6}.Debug|Any CPU.Build.0 = Debug|Any CPU
		{761B5C1A-5F9B-432A-A779-3019F4D655C6}.Release|Any CPU.ActiveCfg = Release|Any CPU
		{761B5C1A-5F9B-432A-A779-3019F4D655C6}.Release|Any CPU.Build.0 = Release|Any CPU
		{288AD2BB-55B6-48BA-BE36-56C7BA4E9348}.Debug|Any CPU.ActiveCfg = Debug|Any CPU
		{288AD2BB-55B6-48BA-BE36-56C7BA4E9348}.Debug|Any CPU.Build.0 = Debug|Any CPU
		{288AD2BB-55B6-48BA-BE36-56C7BA4E9348}.Release|Any CPU.ActiveCfg = Release|Any CPU
		{288AD2BB-55B6-48BA-BE36-56C7BA4E9348}.Release|Any CPU.Build.0 = Release|Any CPU
		{2488CB8F-2AE9-45E6-8411-F728ECE6CD98}.Debug|Any CPU.ActiveCfg = Debug|Any CPU
		{2488CB8F-2AE9-45E6-8411-F728ECE6CD98}.Debug|Any CPU.Build.0 = Debug|Any CPU
		{2488CB8F-2AE9-45E6-8411-F728ECE6CD98}.Release|Any CPU.ActiveCfg = Release|Any CPU
		{2488CB8F-2AE9-45E6-8411-F728ECE6CD98}.Release|Any CPU.Build.0 = Release|Any CPU
		{D0AC0CD4-5C93-46BE-9B72-9B38673821F4}.Debug|Any CPU.ActiveCfg = Debug|Any CPU
		{D0AC0CD4-5C93-46BE-9B72-9B38673821F4}.Debug|Any CPU.Build.0 = Debug|Any CPU
		{D0AC0CD4-5C93-46BE-9B72-9B38673821F4}.Release|Any CPU.ActiveCfg = Release|Any CPU
		{D0AC0CD4-5C93-46BE-9B72-9B38673821F4}.Release|Any CPU.Build.0 = Release|Any CPU
		{ABBB0478-0636-4429-89B3-C173CFE237FB}.Debug|Any CPU.ActiveCfg = Debug|Any CPU
		{ABBB0478-0636-4429-89B3-C173CFE237FB}.Debug|Any CPU.Build.0 = Debug|Any CPU
		{ABBB0478-0636-4429-89B3-C173CFE237FB}.Release|Any CPU.ActiveCfg = Release|Any CPU
		{ABBB0478-0636-4429-89B3-C173CFE237FB}.Release|Any CPU.Build.0 = Release|Any CPU
		{A12FFDCC-8167-4B21-8216-4E2AA2FEDBC2}.Debug|Any CPU.ActiveCfg = Debug|Any CPU
		{A12FFDCC-8167-4B21-8216-4E2AA2FEDBC2}.Debug|Any CPU.Build.0 = Debug|Any CPU
		{A12FFDCC-8167-4B21-8216-4E2AA2FEDBC2}.Release|Any CPU.ActiveCfg = Release|Any CPU
		{A12FFDCC-8167-4B21-8216-4E2AA2FEDBC2}.Release|Any CPU.Build.0 = Release|Any CPU
		{80EC6BDC-9DD5-4CC4-8362-BC8EA418D298}.Debug|Any CPU.ActiveCfg = Debug|Any CPU
		{80EC6BDC-9DD5-4CC4-8362-BC8EA418D298}.Debug|Any CPU.Build.0 = Debug|Any CPU
		{80EC6BDC-9DD5-4CC4-8362-BC8EA418D298}.Release|Any CPU.ActiveCfg = Release|Any CPU
		{80EC6BDC-9DD5-4CC4-8362-BC8EA418D298}.Release|Any CPU.Build.0 = Release|Any CPU
		{68F272D7-1C09-4277-BE49-44F1E05686D9}.Debug|Any CPU.ActiveCfg = Debug|Any CPU
		{68F272D7-1C09-4277-BE49-44F1E05686D9}.Debug|Any CPU.Build.0 = Debug|Any CPU
		{68F272D7-1C09-4277-BE49-44F1E05686D9}.Release|Any CPU.ActiveCfg = Release|Any CPU
		{68F272D7-1C09-4277-BE49-44F1E05686D9}.Release|Any CPU.Build.0 = Release|Any CPU
		{E497DB06-4B37-4A9F-973C-DFC4629B78A5}.Debug|Any CPU.ActiveCfg = Debug|Any CPU
		{E497DB06-4B37-4A9F-973C-DFC4629B78A5}.Debug|Any CPU.Build.0 = Debug|Any CPU
		{E497DB06-4B37-4A9F-973C-DFC4629B78A5}.Release|Any CPU.ActiveCfg = Release|Any CPU
		{E497DB06-4B37-4A9F-973C-DFC4629B78A5}.Release|Any CPU.Build.0 = Release|Any CPU
		{D0CB9C04-33AB-49D7-9BAE-41EA601260DB}.Debug|Any CPU.ActiveCfg = Debug|Any CPU
		{D0CB9C04-33AB-49D7-9BAE-41EA601260DB}.Debug|Any CPU.Build.0 = Debug|Any CPU
		{D0CB9C04-33AB-49D7-9BAE-41EA601260DB}.Release|Any CPU.ActiveCfg = Release|Any CPU
		{D0CB9C04-33AB-49D7-9BAE-41EA601260DB}.Release|Any CPU.Build.0 = Release|Any CPU
		{6069B51F-77E9-4F24-9EC9-5AE71E863030}.Debug|Any CPU.ActiveCfg = Debug|Any CPU
		{6069B51F-77E9-4F24-9EC9-5AE71E863030}.Debug|Any CPU.Build.0 = Debug|Any CPU
		{6069B51F-77E9-4F24-9EC9-5AE71E863030}.Release|Any CPU.ActiveCfg = Release|Any CPU
		{6069B51F-77E9-4F24-9EC9-5AE71E863030}.Release|Any CPU.Build.0 = Release|Any CPU
		{F5A98860-3C96-40B9-ABEE-B4011ACF1298}.Debug|Any CPU.ActiveCfg = Debug|Any CPU
		{F5A98860-3C96-40B9-ABEE-B4011ACF1298}.Debug|Any CPU.Build.0 = Debug|Any CPU
		{F5A98860-3C96-40B9-ABEE-B4011ACF1298}.Release|Any CPU.ActiveCfg = Release|Any CPU
		{F5A98860-3C96-40B9-ABEE-B4011ACF1298}.Release|Any CPU.Build.0 = Release|Any CPU
		{5C30BDFB-1DAE-4262-BF8E-B4ADFC7B5670}.Debug|Any CPU.ActiveCfg = Debug|Any CPU
		{5C30BDFB-1DAE-4262-BF8E-B4ADFC7B5670}.Debug|Any CPU.Build.0 = Debug|Any CPU
		{5C30BDFB-1DAE-4262-BF8E-B4ADFC7B5670}.Release|Any CPU.ActiveCfg = Release|Any CPU
		{5C30BDFB-1DAE-4262-BF8E-B4ADFC7B5670}.Release|Any CPU.Build.0 = Release|Any CPU
		{DF60DED4-C0CF-4F4F-B154-4695F2ACB8B2}.Debug|Any CPU.ActiveCfg = Debug|Any CPU
		{DF60DED4-C0CF-4F4F-B154-4695F2ACB8B2}.Debug|Any CPU.Build.0 = Debug|Any CPU
		{DF60DED4-C0CF-4F4F-B154-4695F2ACB8B2}.Release|Any CPU.ActiveCfg = Release|Any CPU
		{DF60DED4-C0CF-4F4F-B154-4695F2ACB8B2}.Release|Any CPU.Build.0 = Release|Any CPU
		{5D94530F-AF9A-4588-A3FE-715FAA3F2924}.Debug|Any CPU.ActiveCfg = Debug|Any CPU
		{5D94530F-AF9A-4588-A3FE-715FAA3F2924}.Debug|Any CPU.Build.0 = Debug|Any CPU
		{5D94530F-AF9A-4588-A3FE-715FAA3F2924}.Release|Any CPU.ActiveCfg = Release|Any CPU
		{5D94530F-AF9A-4588-A3FE-715FAA3F2924}.Release|Any CPU.Build.0 = Release|Any CPU
		{A05114BA-4738-413F-918B-B2B1AA1F9C56}.Debug|Any CPU.ActiveCfg = Debug|Any CPU
		{A05114BA-4738-413F-918B-B2B1AA1F9C56}.Debug|Any CPU.Build.0 = Debug|Any CPU
		{A05114BA-4738-413F-918B-B2B1AA1F9C56}.Release|Any CPU.ActiveCfg = Release|Any CPU
		{A05114BA-4738-413F-918B-B2B1AA1F9C56}.Release|Any CPU.Build.0 = Release|Any CPU
		{4A422085-5A26-4B08-9AA6-F1DC5C52C3F3}.Debug|Any CPU.ActiveCfg = Debug|Any CPU
		{4A422085-5A26-4B08-9AA6-F1DC5C52C3F3}.Debug|Any CPU.Build.0 = Debug|Any CPU
		{4A422085-5A26-4B08-9AA6-F1DC5C52C3F3}.Release|Any CPU.ActiveCfg = Release|Any CPU
		{4A422085-5A26-4B08-9AA6-F1DC5C52C3F3}.Release|Any CPU.Build.0 = Release|Any CPU
		{74944E86-A095-413A-B647-904D8816738F}.Debug|Any CPU.ActiveCfg = Debug|Any CPU
		{74944E86-A095-413A-B647-904D8816738F}.Debug|Any CPU.Build.0 = Debug|Any CPU
		{74944E86-A095-413A-B647-904D8816738F}.Release|Any CPU.ActiveCfg = Release|Any CPU
		{74944E86-A095-413A-B647-904D8816738F}.Release|Any CPU.Build.0 = Release|Any CPU
		{80AF6953-8F01-4412-91F5-8A1544705FB4}.Debug|Any CPU.ActiveCfg = Debug|Any CPU
		{80AF6953-8F01-4412-91F5-8A1544705FB4}.Debug|Any CPU.Build.0 = Debug|Any CPU
		{80AF6953-8F01-4412-91F5-8A1544705FB4}.Release|Any CPU.ActiveCfg = Release|Any CPU
		{80AF6953-8F01-4412-91F5-8A1544705FB4}.Release|Any CPU.Build.0 = Release|Any CPU
		{E670442F-0D11-43D2-92AC-2FE6A6FAD25C}.Debug|Any CPU.ActiveCfg = Debug|Any CPU
		{E670442F-0D11-43D2-92AC-2FE6A6FAD25C}.Debug|Any CPU.Build.0 = Debug|Any CPU
		{E670442F-0D11-43D2-92AC-2FE6A6FAD25C}.Release|Any CPU.ActiveCfg = Release|Any CPU
		{E670442F-0D11-43D2-92AC-2FE6A6FAD25C}.Release|Any CPU.Build.0 = Release|Any CPU
		{5CAF0385-89D9-49C8-90E8-4712A2461EFA}.Debug|Any CPU.ActiveCfg = Debug|Any CPU
		{5CAF0385-89D9-49C8-90E8-4712A2461EFA}.Debug|Any CPU.Build.0 = Debug|Any CPU
		{5CAF0385-89D9-49C8-90E8-4712A2461EFA}.Release|Any CPU.ActiveCfg = Release|Any CPU
		{5CAF0385-89D9-49C8-90E8-4712A2461EFA}.Release|Any CPU.Build.0 = Release|Any CPU
		{BFCBD121-2A67-41F4-BAE4-3A5ABACCA5F7}.Debug|Any CPU.ActiveCfg = Debug|Any CPU
		{BFCBD121-2A67-41F4-BAE4-3A5ABACCA5F7}.Debug|Any CPU.Build.0 = Debug|Any CPU
		{BFCBD121-2A67-41F4-BAE4-3A5ABACCA5F7}.Release|Any CPU.ActiveCfg = Release|Any CPU
		{BFCBD121-2A67-41F4-BAE4-3A5ABACCA5F7}.Release|Any CPU.Build.0 = Release|Any CPU
		{2C496D8B-DE1D-40B1-BE84-6213508B59DD}.Debug|Any CPU.ActiveCfg = Debug|Any CPU
		{2C496D8B-DE1D-40B1-BE84-6213508B59DD}.Debug|Any CPU.Build.0 = Debug|Any CPU
		{2C496D8B-DE1D-40B1-BE84-6213508B59DD}.Release|Any CPU.ActiveCfg = Release|Any CPU
		{2C496D8B-DE1D-40B1-BE84-6213508B59DD}.Release|Any CPU.Build.0 = Release|Any CPU
		{BA811CC3-1E1D-4903-902D-B10968E6C843}.Debug|Any CPU.ActiveCfg = Debug|Any CPU
		{BA811CC3-1E1D-4903-902D-B10968E6C843}.Debug|Any CPU.Build.0 = Debug|Any CPU
		{BA811CC3-1E1D-4903-902D-B10968E6C843}.Release|Any CPU.ActiveCfg = Release|Any CPU
		{BA811CC3-1E1D-4903-902D-B10968E6C843}.Release|Any CPU.Build.0 = Release|Any CPU
		{8DFAC7B3-E8E7-4894-8BAB-FEF7021188DF}.Debug|Any CPU.ActiveCfg = Debug|Any CPU
		{8DFAC7B3-E8E7-4894-8BAB-FEF7021188DF}.Debug|Any CPU.Build.0 = Debug|Any CPU
		{8DFAC7B3-E8E7-4894-8BAB-FEF7021188DF}.Release|Any CPU.ActiveCfg = Release|Any CPU
		{8DFAC7B3-E8E7-4894-8BAB-FEF7021188DF}.Release|Any CPU.Build.0 = Release|Any CPU
		{6DF468E8-6C4F-4239-A760-35DE1572725A}.Debug|Any CPU.ActiveCfg = Debug|Any CPU
		{6DF468E8-6C4F-4239-A760-35DE1572725A}.Debug|Any CPU.Build.0 = Debug|Any CPU
		{6DF468E8-6C4F-4239-A760-35DE1572725A}.Release|Any CPU.ActiveCfg = Release|Any CPU
		{6DF468E8-6C4F-4239-A760-35DE1572725A}.Release|Any CPU.Build.0 = Release|Any CPU
	EndGlobalSection
	GlobalSection(SolutionProperties) = preSolution
		HideSolutionNode = FALSE
	EndGlobalSection
	GlobalSection(NestedProjects) = preSolution
		{DB288E21-C43B-4DD9-832E-263C6316B53A} = {36C7BCA1-0374-4CED-8046-1DD09AA83781}
		{E998378F-5917-4C12-8DB9-BEDF0906F6BB} = {4457B943-2350-4E0C-ABAF-070AED877B13}
		{C36BE0B8-67CD-43CB-B0C5-963565BBFA58} = {4457B943-2350-4E0C-ABAF-070AED877B13}
		{FC909C5C-8944-47D1-8B7B-2B5A1D17635A} = {4457B943-2350-4E0C-ABAF-070AED877B13}
		{C9AD40C2-1DCF-4E12-B7BB-8C0587D66DCC} = {4457B943-2350-4E0C-ABAF-070AED877B13}
		{5FB2A5AD-A1E9-43DE-A112-4362F6BC71ED} = {4457B943-2350-4E0C-ABAF-070AED877B13}
		{FEF52CA6-CA87-48ED-839D-AC960FFF8B01} = {4457B943-2350-4E0C-ABAF-070AED877B13}
		{345B49DC-96A1-4BE0-BE83-F122C4B6CE2C} = {B810EF75-29F8-4A0B-97C9-54896F3CC41B}
		{5787E774-C5F3-4353-AB9E-48B628152AB1} = {DF06B5A9-F805-41B3-ABCD-E607D0A9B2CE}
		{BA558FD6-B5C8-41D5-B128-70889E044C9F} = {DF06B5A9-F805-41B3-ABCD-E607D0A9B2CE}
		{20D3BE7D-8A4F-4439-8DF9-5145D46BEEA2} = {DF06B5A9-F805-41B3-ABCD-E607D0A9B2CE}
		{AC801877-C158-4DA6-B37E-43AD40CE8ACA} = {7F29771A-51F9-4648-B355-2AAA5998002E}
		{AC943A4A-9544-49F6-9AD9-7C9BDBA4C7FB} = {7F29771A-51F9-4648-B355-2AAA5998002E}
		{67D7CAC3-ECD7-42B8-A025-9FD4CF772805} = {7F29771A-51F9-4648-B355-2AAA5998002E}
		{039BA7D8-2047-4065-8240-502481BAB779} = {7F29771A-51F9-4648-B355-2AAA5998002E}
		{B009C4EB-B65C-4204-9CAE-E8FA7D563F12} = {7F29771A-51F9-4648-B355-2AAA5998002E}
		{AC2791AE-022D-470D-8090-53139D8FFE4B} = {7F29771A-51F9-4648-B355-2AAA5998002E}
		{F5E69318-A5FA-4727-9EF0-3B3B13CD8461} = {7F29771A-51F9-4648-B355-2AAA5998002E}
		{9446A5A6-C994-4F0A-AFEA-428A7EBDBFD0} = {A5652D21-C4FD-4140-BDFA-FF96B6A7C43F}
		{9FA65A25-5F89-456B-AF5D-0E546BD25071} = {A5652D21-C4FD-4140-BDFA-FF96B6A7C43F}
		{088C760E-899A-454C-9DE0-406E6776CBD4} = {A5652D21-C4FD-4140-BDFA-FF96B6A7C43F}
		{761B5C1A-5F9B-432A-A779-3019F4D655C6} = {A5652D21-C4FD-4140-BDFA-FF96B6A7C43F}
		{288AD2BB-55B6-48BA-BE36-56C7BA4E9348} = {A5652D21-C4FD-4140-BDFA-FF96B6A7C43F}
		{2488CB8F-2AE9-45E6-8411-F728ECE6CD98} = {A5652D21-C4FD-4140-BDFA-FF96B6A7C43F}
		{D0AC0CD4-5C93-46BE-9B72-9B38673821F4} = {A5652D21-C4FD-4140-BDFA-FF96B6A7C43F}
		{ABBB0478-0636-4429-89B3-C173CFE237FB} = {A5652D21-C4FD-4140-BDFA-FF96B6A7C43F}
		{A12FFDCC-8167-4B21-8216-4E2AA2FEDBC2} = {A5652D21-C4FD-4140-BDFA-FF96B6A7C43F}
		{80EC6BDC-9DD5-4CC4-8362-BC8EA418D298} = {A5652D21-C4FD-4140-BDFA-FF96B6A7C43F}
		{68F272D7-1C09-4277-BE49-44F1E05686D9} = {A5652D21-C4FD-4140-BDFA-FF96B6A7C43F}
		{E497DB06-4B37-4A9F-973C-DFC4629B78A5} = {A5652D21-C4FD-4140-BDFA-FF96B6A7C43F}
		{D0CB9C04-33AB-49D7-9BAE-41EA601260DB} = {E7D8AD27-B49B-4FBB-9FC9-6FEAB4294449}
		{6069B51F-77E9-4F24-9EC9-5AE71E863030} = {E7D8AD27-B49B-4FBB-9FC9-6FEAB4294449}
		{F5A98860-3C96-40B9-ABEE-B4011ACF1298} = {E7D8AD27-B49B-4FBB-9FC9-6FEAB4294449}
		{5C30BDFB-1DAE-4262-BF8E-B4ADFC7B5670} = {B5E658F5-B274-408C-AE2B-3446761DABF2}
		{DF60DED4-C0CF-4F4F-B154-4695F2ACB8B2} = {B5E658F5-B274-408C-AE2B-3446761DABF2}
		{5D94530F-AF9A-4588-A3FE-715FAA3F2924} = {9C436021-AAF6-40F4-B095-31AEF932921E}
		{A05114BA-4738-413F-918B-B2B1AA1F9C56} = {9C436021-AAF6-40F4-B095-31AEF932921E}
		{4A422085-5A26-4B08-9AA6-F1DC5C52C3F3} = {A5652D21-C4FD-4140-BDFA-FF96B6A7C43F}
		{74944E86-A095-413A-B647-904D8816738F} = {A5652D21-C4FD-4140-BDFA-FF96B6A7C43F}
		{80AF6953-8F01-4412-91F5-8A1544705FB4} = {A5652D21-C4FD-4140-BDFA-FF96B6A7C43F}
		{E670442F-0D11-43D2-92AC-2FE6A6FAD25C} = {E7D8AD27-B49B-4FBB-9FC9-6FEAB4294449}
		{5CAF0385-89D9-49C8-90E8-4712A2461EFA} = {B5E658F5-B274-408C-AE2B-3446761DABF2}
		{BFCBD121-2A67-41F4-BAE4-3A5ABACCA5F7} = {B5E658F5-B274-408C-AE2B-3446761DABF2}
		{2C496D8B-DE1D-40B1-BE84-6213508B59DD} = {B5E658F5-B274-408C-AE2B-3446761DABF2}
		{BA811CC3-1E1D-4903-902D-B10968E6C843} = {B5E658F5-B274-408C-AE2B-3446761DABF2}
		{8DFAC7B3-E8E7-4894-8BAB-FEF7021188DF} = {B5E658F5-B274-408C-AE2B-3446761DABF2}
		{6DF468E8-6C4F-4239-A760-35DE1572725A} = {9C436021-AAF6-40F4-B095-31AEF932921E}
	EndGlobalSection
	GlobalSection(ExtensibilityGlobals) = postSolution
		SolutionGuid = {44AA6AAD-FDE5-4CF8-BFCC-7B46279105CD}
	EndGlobalSection
EndGlobal
